
Microsoft Visual Studio Solution File, Format Version 12.00
# Visual Studio Version 16
VisualStudioVersion = 16.0.31624.102
MinimumVisualStudioVersion = 10.0.40219.1
Project("{FAE04EC0-301F-11D3-BF4B-00C04F79EFBC}") = "UserRegistrationProblem_REGEX", "UserRegistrationProblem_REGEX\UserRegistrationProblem_REGEX.csproj", "{F31225B0-AEFB-455F-9FA3-7C505D5FB9C4}"
EndProject
Project("{FAE04EC0-301F-11D3-BF4B-00C04F79EFBC}") = "UserUnitTest", "UserUnitTest\UserUnitTest.csproj", "{39233041-3FAC-4FDA-AD99-5D2FD92AF618}"
EndProject
Global
	GlobalSection(SolutionConfigurationPlatforms) = preSolution
		Debug|Any CPU = Debug|Any CPU
		Release|Any CPU = Release|Any CPU
	EndGlobalSection
	GlobalSection(ProjectConfigurationPlatforms) = postSolution
		{F31225B0-AEFB-455F-9FA3-7C505D5FB9C4}.Debug|Any CPU.ActiveCfg = Debug|Any CPU
		{F31225B0-AEFB-455F-9FA3-7C505D5FB9C4}.Debug|Any CPU.Build.0 = Debug|Any CPU
		{F31225B0-AEFB-455F-9FA3-7C505D5FB9C4}.Release|Any CPU.ActiveCfg = Release|Any CPU
		{F31225B0-AEFB-455F-9FA3-7C505D5FB9C4}.Release|Any CPU.Build.0 = Release|Any CPU
		{39233041-3FAC-4FDA-AD99-5D2FD92AF618}.Debug|Any CPU.ActiveCfg = Debug|Any CPU
		{39233041-3FAC-4FDA-AD99-5D2FD92AF618}.Debug|Any CPU.Build.0 = Debug|Any CPU
		{39233041-3FAC-4FDA-AD99-5D2FD92AF618}.Release|Any CPU.ActiveCfg = Release|Any CPU
		{39233041-3FAC-4FDA-AD99-5D2FD92AF618}.Release|Any CPU.Build.0 = Release|Any CPU
	EndGlobalSection
	GlobalSection(SolutionProperties) = preSolution
		HideSolutionNode = FALSE
	EndGlobalSection
	GlobalSection(ExtensibilityGlobals) = postSolution
		SolutionGuid = {372A75A6-3BCE-4169-82EE-6E65C7E93B3F}
	EndGlobalSection
EndGlobal
